
Microsoft Visual Studio Solution File, Format Version 12.00
# Visual Studio 15
VisualStudioVersion = 15.0.28307.329
MinimumVisualStudioVersion = 10.0.40219.1
Project("{FAE04EC0-301F-11D3-BF4B-00C04F79EFBC}") = "OgrenciKayit", "OgrenciKayit\OgrenciKayit.csproj", "{899415DB-7D2E-493D-8B86-0BC7CF4973BF}"
EndProject
Global
	GlobalSection(SolutionConfigurationPlatforms) = preSolution
		Debug|Any CPU = Debug|Any CPU
		Release|Any CPU = Release|Any CPU
	EndGlobalSection
	GlobalSection(ProjectConfigurationPlatforms) = postSolution
		{899415DB-7D2E-493D-8B86-0BC7CF4973BF}.Debug|Any CPU.ActiveCfg = Debug|Any CPU
		{899415DB-7D2E-493D-8B86-0BC7CF4973BF}.Debug|Any CPU.Build.0 = Debug|Any CPU
		{899415DB-7D2E-493D-8B86-0BC7CF4973BF}.Release|Any CPU.ActiveCfg = Release|Any CPU
		{899415DB-7D2E-493D-8B86-0BC7CF4973BF}.Release|Any CPU.Build.0 = Release|Any CPU
	EndGlobalSection
	GlobalSection(SolutionProperties) = preSolution
		HideSolutionNode = FALSE
	EndGlobalSection
	GlobalSection(ExtensibilityGlobals) = postSolution
		SolutionGuid = {BF2F585A-F91C-4947-A6A7-3F427C00414B}
	EndGlobalSection
EndGlobal
